
Microsoft Visual Studio Solution File, Format Version 12.00
# Visual Studio 15
Project("{FAE04EC0-301F-11D3-BF4B-00C04F79EFBC}") = "Assembly-CSharp", "Assembly-CSharp.csproj", "{1E699000-0702-74EE-5217-B2F02C804DD0}"
EndProject
Project("{FAE04EC0-301F-11D3-BF4B-00C04F79EFBC}") = "SteamVR_Actions", "SteamVR_Actions.csproj", "{955567C0-BAF0-C9A2-8248-ED15ED3F8BB8}"
EndProject
Project("{FAE04EC0-301F-11D3-BF4B-00C04F79EFBC}") = "SteamVR", "SteamVR.csproj", "{B4386CE6-07AF-3AB1-E96D-09F812B5C816}"
EndProject
Project("{FAE04EC0-301F-11D3-BF4B-00C04F79EFBC}") = "Assembly-CSharp-firstpass", "Assembly-CSharp-firstpass.csproj", "{0EF8EFD0-740B-E065-3618-B7A10F628FC8}"
EndProject
Project("{FAE04EC0-301F-11D3-BF4B-00C04F79EFBC}") = "Assembly-CSharp-Editor-firstpass", "Assembly-CSharp-Editor-firstpass.csproj", "{AF558267-F7AD-F6E5-04FA-9A97C87EDAB3}"
EndProject
Project("{FAE04EC0-301F-11D3-BF4B-00C04F79EFBC}") = "SteamVR_Editor", "SteamVR_Editor.csproj", "{CF025686-3DE2-EA75-E105-44B0B03E65D7}"
EndProject
Project("{FAE04EC0-301F-11D3-BF4B-00C04F79EFBC}") = "Assembly-CSharp-Editor", "Assembly-CSharp-Editor.csproj", "{D41BAE19-1D91-FC68-7624-4F5D4954F449}"
EndProject
Project("{FAE04EC0-301F-11D3-BF4B-00C04F79EFBC}") = "SteamVR_Input_Editor", "SteamVR_Input_Editor.csproj", "{08AEE9F0-931A-9293-6AC6-C60CE0D8EDB0}"
EndProject
Project("{FAE04EC0-301F-11D3-BF4B-00C04F79EFBC}") = "SteamVR_Windows_EditorHelper", "SteamVR_Windows_EditorHelper.csproj", "{BA01863C-2134-E9F8-15EA-E9DACCB9AC3D}"
EndProject
Global
	GlobalSection(SolutionConfigurationPlatforms) = preSolution
		Debug|Any CPU = Debug|Any CPU
		Release|Any CPU = Release|Any CPU
	EndGlobalSection
	GlobalSection(ProjectConfigurationPlatforms) = postSolution
		{1E699000-0702-74EE-5217-B2F02C804DD0}.Debug|Any CPU.ActiveCfg = Debug|Any CPU
		{1E699000-0702-74EE-5217-B2F02C804DD0}.Debug|Any CPU.Build.0 = Debug|Any CPU
		{1E699000-0702-74EE-5217-B2F02C804DD0}.Release|Any CPU.ActiveCfg = Release|Any CPU
		{1E699000-0702-74EE-5217-B2F02C804DD0}.Release|Any CPU.Build.0 = Release|Any CPU
		{955567C0-BAF0-C9A2-8248-ED15ED3F8BB8}.Debug|Any CPU.ActiveCfg = Debug|Any CPU
		{955567C0-BAF0-C9A2-8248-ED15ED3F8BB8}.Debug|Any CPU.Build.0 = Debug|Any CPU
		{955567C0-BAF0-C9A2-8248-ED15ED3F8BB8}.Release|Any CPU.ActiveCfg = Release|Any CPU
		{955567C0-BAF0-C9A2-8248-ED15ED3F8BB8}.Release|Any CPU.Build.0 = Release|Any CPU
		{B4386CE6-07AF-3AB1-E96D-09F812B5C816}.Debug|Any CPU.ActiveCfg = Debug|Any CPU
		{B4386CE6-07AF-3AB1-E96D-09F812B5C816}.Debug|Any CPU.Build.0 = Debug|Any CPU
		{B4386CE6-07AF-3AB1-E96D-09F812B5C816}.Release|Any CPU.ActiveCfg = Release|Any CPU
		{B4386CE6-07AF-3AB1-E96D-09F812B5C816}.Release|Any CPU.Build.0 = Release|Any CPU
		{0EF8EFD0-740B-E065-3618-B7A10F628FC8}.Debug|Any CPU.ActiveCfg = Debug|Any CPU
		{0EF8EFD0-740B-E065-3618-B7A10F628FC8}.Debug|Any CPU.Build.0 = Debug|Any CPU
		{0EF8EFD0-740B-E065-3618-B7A10F628FC8}.Release|Any CPU.ActiveCfg = Release|Any CPU
		{0EF8EFD0-740B-E065-3618-B7A10F628FC8}.Release|Any CPU.Build.0 = Release|Any CPU
		{AF558267-F7AD-F6E5-04FA-9A97C87EDAB3}.Debug|Any CPU.ActiveCfg = Debug|Any CPU
		{AF558267-F7AD-F6E5-04FA-9A97C87EDAB3}.Debug|Any CPU.Build.0 = Debug|Any CPU
		{AF558267-F7AD-F6E5-04FA-9A97C87EDAB3}.Release|Any CPU.ActiveCfg = Release|Any CPU
		{AF558267-F7AD-F6E5-04FA-9A97C87EDAB3}.Release|Any CPU.Build.0 = Release|Any CPU
		{CF025686-3DE2-EA75-E105-44B0B03E65D7}.Debug|Any CPU.ActiveCfg = Debug|Any CPU
		{CF025686-3DE2-EA75-E105-44B0B03E65D7}.Debug|Any CPU.Build.0 = Debug|Any CPU
		{CF025686-3DE2-EA75-E105-44B0B03E65D7}.Release|Any CPU.ActiveCfg = Release|Any CPU
		{CF025686-3DE2-EA75-E105-44B0B03E65D7}.Release|Any CPU.Build.0 = Release|Any CPU
		{D41BAE19-1D91-FC68-7624-4F5D4954F449}.Debug|Any CPU.ActiveCfg = Debug|Any CPU
		{D41BAE19-1D91-FC68-7624-4F5D4954F449}.Debug|Any CPU.Build.0 = Debug|Any CPU
		{D41BAE19-1D91-FC68-7624-4F5D4954F449}.Release|Any CPU.ActiveCfg = Release|Any CPU
		{D41BAE19-1D91-FC68-7624-4F5D4954F449}.Release|Any CPU.Build.0 = Release|Any CPU
		{08AEE9F0-931A-9293-6AC6-C60CE0D8EDB0}.Debug|Any CPU.ActiveCfg = Debug|Any CPU
		{08AEE9F0-931A-9293-6AC6-C60CE0D8EDB0}.Debug|Any CPU.Build.0 = Debug|Any CPU
		{08AEE9F0-931A-9293-6AC6-C60CE0D8EDB0}.Release|Any CPU.ActiveCfg = Release|Any CPU
		{08AEE9F0-931A-9293-6AC6-C60CE0D8EDB0}.Release|Any CPU.Build.0 = Release|Any CPU
		{BA01863C-2134-E9F8-15EA-E9DACCB9AC3D}.Debug|Any CPU.ActiveCfg = Debug|Any CPU
		{BA01863C-2134-E9F8-15EA-E9DACCB9AC3D}.Debug|Any CPU.Build.0 = Debug|Any CPU
		{BA01863C-2134-E9F8-15EA-E9DACCB9AC3D}.Release|Any CPU.ActiveCfg = Release|Any CPU
		{BA01863C-2134-E9F8-15EA-E9DACCB9AC3D}.Release|Any CPU.Build.0 = Release|Any CPU
	EndGlobalSection
	GlobalSection(SolutionProperties) = preSolution
		HideSolutionNode = FALSE
	EndGlobalSection
EndGlobal
